Microsoft Visual Studio Solution File, Format Version 12.00
# Visual Studio Version 17
VisualStudioVersion = 17.0.31912.275
MinimumVisualStudioVersion = 10.0.40219.1
Project("{9A19103F-16F7-4668-BE54-9A1E7A4F7556}") = "HomeworkHero.Api", "HomeworkHero.Api\HomeworkHero.Api.csproj", "{BF2CCB8E-2AD3-40B0-80A8-702F9600ACE3}"
EndProject
Project("{9A19103F-16F7-4668-BE54-9A1E7A4F7556}") = "HomeworkHero.Client", "HomeworkHero.Client\HomeworkHero.Client.csproj", "{19966C13-BC11-472F-BBB2-F65AC71C3431}"
EndProject
Project("{9A19103F-16F7-4668-BE54-9A1E7A4F7556}") = "HomeworkHero.Shared", "HomeworkHero.Shared\HomeworkHero.Shared.csproj", "{59611452-6E3E-48CF-BAB1-89B76012026B}"
EndProject
Global
	GlobalSection(SolutionConfigurationPlatforms) = preSolution
		Debug|Any CPU = Debug|Any CPU
		Release|Any CPU = Release|Any CPU
	EndGlobalSection
	GlobalSection(ProjectConfigurationPlatforms) = postSolution
		{BF2CCB8E-2AD3-40B0-80A8-702F9600ACE3}.Debug|Any CPU.ActiveCfg = Debug|Any CPU
		{BF2CCB8E-2AD3-40B0-80A8-702F9600ACE3}.Debug|Any CPU.Build.0 = Debug|Any CPU
		{BF2CCB8E-2AD3-40B0-80A8-702F9600ACE3}.Release|Any CPU.ActiveCfg = Release|Any CPU
		{BF2CCB8E-2AD3-40B0-80A8-702F9600ACE3}.Release|Any CPU.Build.0 = Release|Any CPU
		{19966C13-BC11-472F-BBB2-F65AC71C3431}.Debug|Any CPU.ActiveCfg = Debug|Any CPU
		{19966C13-BC11-472F-BBB2-F65AC71C3431}.Debug|Any CPU.Build.0 = Debug|Any CPU
		{19966C13-BC11-472F-BBB2-F65AC71C3431}.Release|Any CPU.ActiveCfg = Release|Any CPU
		{19966C13-BC11-472F-BBB2-F65AC71C3431}.Release|Any CPU.Build.0 = Release|Any CPU
		{59611452-6E3E-48CF-BAB1-89B76012026B}.Debug|Any CPU.ActiveCfg = Debug|Any CPU
		{59611452-6E3E-48CF-BAB1-89B76012026B}.Debug|Any CPU.Build.0 = Debug|Any CPU
		{59611452-6E3E-48CF-BAB1-89B76012026B}.Release|Any CPU.ActiveCfg = Release|Any CPU
		{59611452-6E3E-48CF-BAB1-89B76012026B}.Release|Any CPU.Build.0 = Release|Any CPU
	EndGlobalSection
	GlobalSection(SolutionProperties) = preSolution
		HideSolutionNode = FALSE
	EndGlobalSection
	GlobalSection(ExtensibilityGlobals) = postSolution
		SolutionGuid = {328CAEB2-282E-4225-81D9-E704DD46A474}
	EndGlobalSection
EndGlobal
